// !$*UTF8*$!
{
	archiveVersion = 1;
	classes = {
	};
	objectVersion = 46;
	objects = {

/* Begin PBXBuildFile section */
		29C21B001B5FBD8300631B52 /* AppDelegate.swift in Sources */ = {isa = PBXBuildFile; fileRef = 29C21AFF1B5FBD8300631B52 /* AppDelegate.swift */; };
		29C21B021B5FBD8300631B52 /* ViewController.swift in Sources */ = {isa = PBXBuildFile; fileRef = 29C21B011B5FBD8300631B52 /* ViewController.swift */; };
		29C21B051B5FBD8300631B52 /* Main.storyboard in Resources */ = {isa = PBXBuildFile; fileRef = 29C21B031B5FBD8300631B52 /* Main.storyboard */; };
		29C21B071B5FBD8300631B52 /* Images.xcassets in Resources */ = {isa = PBXBuildFile; fileRef = 29C21B061B5FBD8300631B52 /* Images.xcassets */; };
		29C21B0A1B5FBD8300631B52 /* LaunchScreen.xib in Resources */ = {isa = PBXBuildFile; fileRef = 29C21B081B5FBD8300631B52 /* LaunchScreen.xib */; };
		29C21B161B5FBD8300631B52 /* zhihu_studyTests.swift in Sources */ = {isa = PBXBuildFile; fileRef = 29C21B151B5FBD8300631B52 /* zhihu_studyTests.swift */; };
/* End PBXBuildFile section */

/* Begin PBXContainerItemProxy section */
		29C21B101B5FBD8300631B52 /* PBXContainerItemProxy */ = {
			isa = PBXContainerItemProxy;
			containerPortal = 29C21AF21B5FBD8300631B52 /* Project object */;
			proxyType = 1;
			remoteGlobalIDString = 29C21AF91B5FBD8300631B52;
			remoteInfo = zhihu.study;
		};
/* End PBXContainerItemProxy section */

/* Begin PBXFileReference section */
		29C21AFA1B5FBD8300631B52 /* zhihu.study.app */ = {isa = PBXFileReference; explicitFileType = wrapper.application; includeInIndex = 0; path = zhihu.study.app; sourceTree = BUILT_PRODUCTS_DIR; };
		29C21AFE1B5FBD8300631B52 /* Info.plist */ = {isa = PBXFileReference; lastKnownFileType = text.plist.xml; path = Info.plist; sourceTree = "<group>"; };
		29C21AFF1B5FBD8300631B52 /* AppDelegate.swift */ = {isa = PBXFileReference; lastKnownFileType = sourcecode.swift; path = AppDelegate.swift; sourceTree = "<group>"; };
		29C21B011B5FBD8300631B52 /* ViewController.swift */ = {isa = PBXFileReference; lastKnownFileType = sourcecode.swift; path = ViewController.swift; sourceTree = "<group>"; };
		29C21B041B5FBD8300631B52 /* Base */ = {isa = PBXFileReference; lastKnownFileType = file.storyboard; name = Base; path = Base.lproj/Main.storyboard; sourceTree = "<group>"; };
		29C21B061B5FBD8300631B52 /* Images.xcassets */ = {isa = PBXFileReference; lastKnownFileType = folder.assetcatalog; path = Images.xcassets; sourceTree = "<group>"; };
		29C21B091B5FBD8300631B52 /* Base */ = {isa = PBXFileReference; lastKnownFileType = file.xib; name = Base; path = Base.lproj/LaunchScreen.xib; sourceTree = "<group>"; };
		29C21B0F1B5FBD8300631B52 /* zhihu.studyTests.xctest */ = {isa = PBXFileReference; explicitFileType = wrapper.cfbundle; includeInIndex = 0; path = zhihu.studyTests.xctest; sourceTree = BUILT_PRODUCTS_DIR; };
		29C21B141B5FBD8300631B52 /* Info.plist */ = {isa = PBXFileReference; lastKnownFileType = text.plist.xml; path = Info.plist; sourceTree = "<group>"; };
		29C21B151B5FBD8300631B52 /* zhihu_studyTests.swift */ = {isa = PBXFileReference; lastKnownFileType = sourcecode.swift; path = zhihu_studyTests.swift; sourceTree = "<group>"; };
/* End PBXFileReference section */

/* Begin PBXFrameworksBuildPhase section */
		29C21AF71B5FBD8300631B52 /* Frameworks */ = {
			isa = PBXFrameworksBuildPhase;
			buildActionMask = 2147483647;
			files = (
			);
			runOnlyForDeploymentPostprocessing = 0;
		};
		29C21B0C1B5FBD8300631B52 /* Frameworks */ = {
			isa = PBXFrameworksBuildPhase;
			buildActionMask = 2147483647;
			files = (
			);
			runOnlyForDeploymentPostprocessing = 0;
		};
/* End PBXFrameworksBuildPhase section */

/* Begin PBXGroup section */
		29C21AF11B5FBD8300631B52 = {
			isa = PBXGroup;
			children = (
				29C21AFC1B5FBD8300631B52 /* zhihu.study */,
				29C21B121B5FBD8300631B52 /* zhihu.studyTests */,
				29C21AFB1B5FBD8300631B52 /* Products */,
			);
			sourceTree = "<group>";
		};
		29C21AFB1B5FBD8300631B52 /* Products */ = {
			isa = PBXGroup;
			children = (
				29C21AFA1B5FBD8300631B52 /* zhihu.study.app */,
				29C21B0F1B5FBD8300631B52 /* zhihu.studyTests.xctest */,
			);
			name = Products;
			sourceTree = "<group>";
		};
		29C21AFC1B5FBD8300631B52 /* zhihu.study */ = {
			isa = PBXGroup;
			children = (
				29C21AFF1B5FBD8300631B52 /* AppDelegate.swift */,
				29C21B011B5FBD8300631B52 /* ViewController.swift */,
				29C21B031B5FBD8300631B52 /* Main.storyboard */,
				29C21B061B5FBD8300631B52 /* Images.xcassets */,
				29C21B081B5FBD8300631B52 /* LaunchScreen.xib */,
				29C21AFD1B5FBD8300631B52 /* Supporting Files */,
			);
			path = zhihu.study;
			sourceTree = "<group>";
		};
		29C21AFD1B5FBD8300631B52 /* Supporting Files */ = {
			isa = PBXGroup;
			children = (
				29C21AFE1B5FBD8300631B52 /* Info.plist */,
			);
			name = "Supporting Files";
			sourceTree = "<group>";
		};
		29C21B121B5FBD8300631B52 /* zhihu.studyTests */ = {
			isa = PBXGroup;
			children = (
				29C21B151B5FBD8300631B52 /* zhihu_studyTests.swift */,
				29C21B131B5FBD8300631B52 /* Supporting Files */,
			);
			path = zhihu.studyTests;
			sourceTree = "<group>";
		};
		29C21B131B5FBD8300631B52 /* Supporting Files */ = {
			isa = PBXGroup;
			children = (
				29C21B141B5FBD8300631B52 /* Info.plist */,
			);
			name = "Supporting Files";
			sourceTree = "<group>";
		};
/* End PBXGroup section */

/* Begin PBXNativeTarget section */
		29C21AF91B5FBD8300631B52 /* zhihu.study */ = {
			isa = PBXNativeTarget;
			buildConfigurationList = 29C21B191B5FBD8300631B52 /* Build configuration list for PBXNativeTarget "zhihu.study" */;
			buildPhases = (
				29C21AF61B5FBD8300631B52 /* Sources */,
				29C21AF71B5FBD8300631B52 /* Frameworks */,
				29C21AF81B5FBD8300631B52 /* Resources */,
			);
			buildRules = (
			);
			dependencies = (
			);
			name = zhihu.study;
			productName = zhihu.study;
			productReference = 29C21AFA1B5FBD8300631B52 /* zhihu.study.app */;
			productType = "com.apple.product-type.application";
		};
		29C21B0E1B5FBD8300631B52 /* zhihu.studyTests */ = {
			isa = PBXNativeTarget;
			buildConfigurationList = 29C21B1C1B5FBD8300631B52 /* Build configuration list for PBXNativeTarget "zhihu.studyTests" */;
			buildPhases = (
				29C21B0B1B5FBD8300631B52 /* Sources */,
				29C21B0C1B5FBD8300631B52 /* Frameworks */,
				29C21B0D1B5FBD8300631B52 /* Resources */,
			);
			buildRules = (
			);
			dependencies = (
				29C21B111B5FBD8300631B52 /* PBXTargetDependency */,
			);
			name = zhihu.studyTests;
			productName = zhihu.studyTests;
			productReference = 29C21B0F1B5FBD8300631B52 /* zhihu.studyTests.xctest */;
			productType = "com.apple.product-type.bundle.unit-test";
		};
/* End PBXNativeTarget section */

/* Begin PBXProject section */
		29C21AF21B5FBD8300631B52 /* Project object */ = {
			isa = PBXProject;
			attributes = {
				LastUpgradeCheck = 0630;
				ORGANIZATIONNAME = shawn;
				TargetAttributes = {
					29C21AF91B5FBD8300631B52 = {
						CreatedOnToolsVersion = 6.3.2;
					};
					29C21B0E1B5FBD8300631B52 = {
						CreatedOnToolsVersion = 6.3.2;
						TestTargetID = 29C21AF91B5FBD8300631B52;
					};
				};
			};
			buildConfigurationList = 29C21AF51B5FBD8300631B52 /* Build configuration list for PBXProject "zhihu.study" */;
			compatibilityVersion = "Xcode 3.2";
			developmentRegion = English;
			hasScannedForEncodings = 0;
			knownRegions = (
				en,
				Base,
			);
			mainGroup = 29C21AF11B5FBD8300631B52;
			productRefGroup = 29C21AFB1B5FBD8300631B52 /* Products */;
			projectDirPath = "";
			projectRoot = "";
			targets = (
				29C21AF91B5FBD8300631B52 /* zhihu.study */,
				29C21B0E1B5FBD8300631B52 /* zhihu.studyTests */,
			);
		};
/* End PBXProject section */

/* Begin PBXResourcesBuildPhase section */
		29C21AF81B5FBD8300631B52 /* Resources */ = {
			isa = PBXResourcesBuildPhase;
			buildActionMask = 2147483647;
			files = (
				29C21B051B5FBD8300631B52 /* Main.storyboard in Resources */,
				29C21B0A1B5FBD8300631B52 /* LaunchScreen.xib in Resources */,
				29C21B071B5FBD8300631B52 /* Images.xcassets in Resources */,
			);
			runOnlyForDeploymentPostprocessing = 0;
		};
		29C21B0D1B5FBD8300631B52 /* Resources */ = {
			isa = PBXResourcesBuildPhase;
			buildActionMask = 2147483647;
			files = (
			);
			runOnlyForDeploymentPostprocessing = 0;
		};
/* End PBXResourcesBuildPhase section */

/* Begin PBXSourcesBuildPhase section */
		29C21AF61B5FBD8300631B52 /* Sources */ = {
			isa = PBXSourcesBuildPhase;
			buildActionMask = 2147483647;
			files = (
				29C21B021B5FBD8300631B52 /* ViewController.swift in Sources */,
				29C21B001B5FBD8300631B52 /* AppDelegate.swift in Sources */,
			);
			runOnlyForDeploymentPostprocessing = 0;
		};
		29C21B0B1B5FBD8300631B52 /* Sources */ = {
			isa = PBXSourcesBuildPhase;
			buildActionMask = 2147483647;
			files = (
				29C21B161B5FBD8300631B52 /* zhihu_studyTests.swift in Sources */,
			);
			runOnlyForDeploymentPostprocessing = 0;
		};
/* End PBXSourcesBuildPhase section */

/* Begin PBXTargetDependency section */
		29C21B111B5FBD8300631B52 /* PBXTargetDependency */ = {
			isa = PBXTargetDependency;
			target = 29C21AF91B5FBD8300631B52 /* zhihu.study */;
			targetProxy = 29C21B101B5FBD8300631B52 /* PBXContainerItemProxy */;
		};
/* End PBXTargetDependency section */

/* Begin PBXVariantGroup section */
		29C21B031B5FBD8300631B52 /* Main.storyboard */ = {
			isa = PBXVariantGroup;
			children = (
				29C21B041B5FBD8300631B52 /* Base */,
			);
			name = Main.storyboard;
			sourceTree = "<group>";
		};
		29C21B081B5FBD8300631B52 /* LaunchScreen.xib */ = {
			isa = PBXVariantGroup;
			children = (
				29C21B091B5FBD8300631B52 /* Base */,
			);
			name = LaunchScreen.xib;
			sourceTree = "<group>";
		};
/* End PBXVariantGroup section */

/* Begin XCBuildConfiguration section */
		29C21B171B5FBD8300631B52 /* Debug */ = {
			isa = XCBuildConfiguration;
			buildSettings = {
				ALWAYS_SEARCH_USER_PATHS = NO;
				CLANG_CXX_LANGUAGE_STANDARD = "gnu++0x";
				CLANG_CXX_LIBRARY = "libc++";
				CLANG_ENABLE_MODULES = YES;
				CLANG_ENABLE_OBJC_ARC = YES;
				CLANG_WARN_BOOL_CONVERSION = YES;
				CLANG_WARN_CONSTANT_CONVERSION = YES;
				CLANG_WARN_DIRECT_OBJC_ISA_USAGE = YES_ERROR;
				CLANG_WARN_EMPTY_BODY = YES;
				CLANG_WARN_ENUM_CONVERSION = YES;
				CLANG_WARN_INT_CONVERSION = YES;
				CLANG_WARN_OBJC_ROOT_CLASS = YES_ERROR;
				CLANG_WARN_UNREACHABLE_CODE = YES;
				CLANG_WARN__DUPLICATE_METHOD_MATCH = YES;
				"CODE_SIGN_IDENTITY[sdk=iphoneos*]" = "iPhone Developer";
				COPY_PHASE_STRIP = NO;
				DEBUG_INFORMATION_FORMAT = "dwarf-with-dsym";
				ENABLE_STRICT_OBJC_MSGSEND = YES;
				GCC_C_LANGUAGE_STANDARD = gnu99;
				GCC_DYNAMIC_NO_PIC = NO;
				GCC_NO_COMMON_BLOCKS = YES;
				GCC_OPTIMIZATION_LEVEL = 0;
				GCC_PREPROCESSOR_DEFINITIONS = (
					"DEBUG=1",
					"$(inherited)",
				);
				GCC_SYMBOLS_PRIVATE_EXTERN = NO;
				GCC_WARN_64_TO_32_BIT_CONVERSION = YES;
				GCC_WARN_ABOUT_RETURN_TYPE = YES_ERROR;
				GCC_WARN_UNDECLARED_SELECTOR = YES;
				GCC_WARN_UNINITIALIZED_AUTOS = YES_AGGRESSIVE;
				GCC_WARN_UNUSED_FUNCTION = YES;
				GCC_WARN_UNUSED_VARIABLE = YES;
				IPHONEOS_DEPLOYMENT_TARGET = 8.3;
				MTL_ENABLE_DEBUG_INFO = YES;
				ONLY_ACTIVE_ARCH = YES;
				SDKROOT = iphoneos;
				SWIFT_OPTIMIZATION_LEVEL = "-Onone";
				TARGETED_DEVICE_FAMILY = "1,2";
			};
			name = Debug;
		};
		29C21B181B5FBD8300631B52 /* Release */ = {
			isa = XCBuildConfiguration;
			buildSettings = {
				ALWAYS_SEARCH_USER_PATHS = NO;
				CLANG_CXX_LANGUAGE_STANDARD = "gnu++0x";
				CLANG_CXX_LIBRARY = "libc++";
				CLANG_ENABLE_MODULES = YES;
				CLANG_ENABLE_OBJC_ARC = YES;
				CLANG_WARN_BOOL_CONVERSION = YES;
				CLANG_WARN_CONSTANT_CONVERSION = YES;
				CLANG_WARN_DIRECT_OBJC_ISA_USAGE = YES_ERROR;
				CLANG_WARN_EMPTY_BODY = YES;
				CLANG_WARN_ENUM_CONVERSION = YES;
				CLANG_WARN_INT_CONVERSION = YES;
				CLANG_WARN_OBJC_ROOT_CLASS = YES_ERROR;
				CLANG_WARN_UNREACHABLE_CODE = YES;
				CLANG_WARN__DUPLICATE_METHOD_MATCH = YES;
				"CODE_SIGN_IDENTITY[sdk=iphoneos*]" = "iPhone Developer";
				COPY_PHASE_STRIP = NO;
				DEBUG_INFORMATION_FORMAT = "dwarf-with-dsym";
				ENABLE_NS_ASSERTIONS = NO;
				ENABLE_STRICT_OBJC_MSGSEND = YES;
				GCC_C_LANGUAGE_STANDARD = gnu99;
				GCC_NO_COMMON_BLOCKS = YES;
				GCC_WARN_64_TO_32_BIT_CONVERSION = YES;
				GCC_WARN_ABOUT_RETURN_TYPE = YES_ERROR;
				GCC_WARN_UNDECLARED_SELECTOR = YES;
				GCC_WARN_UNINITIALIZED_AUTOS = YES_AGGRESSIVE;
				GCC_WARN_UNUSED_FUNCTION = YES;
				GCC_WARN_UNUSED_VARIABLE = YES;
				IPHONEOS_DEPLOYMENT_TARGET = 8.3;
				MTL_ENABLE_DEBUG_INFO = NO;
				SDKROOT = iphoneos;
				TARGETED_DEVICE_FAMILY = "1,2";
				VALIDATE_PRODUCT = YES;
			};
			name = Release;
		};
		29C21B1A1B5FBD8300631B52 /* Debug */ = {
			isa = XCBuildConfiguration;
			buildSettings = {
				ASSETCATALOG_COMPILER_APPICON_NAME = AppIcon;
				INFOPLIST_FILE = zhihu.study/Info.plist;
				LD_RUNPATH_SEARCH_PATHS = "$(inherited) @executable_path/Frameworks";
				PRODUCT_NAME = "$(TARGET_NAME)";
			};
			name = Debug;
		};
		29C21B1B1B5FBD8300631B52 /* Release */ = {
			isa = XCBuildConfiguration;
			buildSettings = {
				ASSETCATALOG_COMPILER_APPICON_NAME = AppIcon;
				INFOPLIST_FILE = zhihu.study/Info.plist;
				LD_RUNPATH_SEARCH_PATHS = "$(inherited) @executable_path/Frameworks";
				PRODUCT_NAME = "$(TARGET_NAME)";
			};
			name = Release;
		};
		29C21B1D1B5FBD8300631B52 /* Debug */ = {
			isa = XCBuildConfiguration;
			buildSettings = {
				BUNDLE_LOADER = "$(TEST_HOST)";
				FRAMEWORK_SEARCH_PATHS = (
					"$(SDKROOT)/Developer/Library/Frameworks",
					"$(inherited)",
				);
				GCC_PREPROCESSOR_DEFINITIONS = (
					"DEBUG=1",
					"$(inherited)",
				);
				INFOPLIST_FILE = zhihu.studyTests/Info.plist;
				LD_RUNPATH_SEARCH_PATHS = "$(inherited) @executable_path/Frameworks @loader_path/Frameworks";
				PRODUCT_NAME = "$(TARGET_NAME)";
				TEST_HOST = "$(BUILT_PRODUCTS_DIR)/zhihu.study.app/zhihu.study";
			};
			name = Debug;
		};
		29C21B1E1B5FBD8300631B52 /* Release */ = {
			isa = XCBuildConfiguration;
			buildSettings = {
				BUNDLE_LOADER = "$(TEST_HOST)";
				FRAMEWORK_SEARCH_PATHS = (
					"$(SDKROOT)/Developer/Library/Frameworks",
					"$(inherited)",
				);
				INFOPLIST_FILE = zhihu.studyTests/Info.plist;
				LD_RUNPATH_SEARCH_PATHS = "$(inherited) @executable_path/Frameworks @loader_path/Frameworks";
				PRODUCT_NAME = "$(TARGET_NAME)";
				TEST_HOST = "$(BUILT_PRODUCTS_DIR)/zhihu.study.app/zhihu.study";
			};
			name = Release;
		};
/* End XCBuildConfiguration section */

/* Begin XCConfigurationList section */
		29C21AF51B5FBD8300631B52 /* Build configuration list for PBXProject "zhihu.study" */ = {
			isa = XCConfigurationList;
			buildConfigurations = (
				29C21B171B5FBD8300631B52 /* Debug */,
				29C21B181B5FBD8300631B52 /* Release */,
			);
			defaultConfigurationIsVisible = 0;
			defaultConfigurationName = Release;
		};
		29C21B191B5FBD8300631B52 /* Build configuration list for PBXNativeTarget "zhihu.study" */ = {
			isa = XCConfigurationList;
			buildConfigurations = (
				29C21B1A1B5FBD8300631B52 /* Debug */,
				29C21B1B1B5FBD8300631B52 /* Release */,
			);
			defaultConfigurationIsVisible = 0;
		};
		29C21B1C1B5FBD8300631B52 /* Build configuration list for PBXNativeTarget "zhihu.studyTests" */ = {
			isa = XCConfigurationList;
			buildConfigurations = (
				29C21B1D1B5FBD8300631B52 /* Debug */,
				29C21B1E1B5FBD8300631B52 /* Release */,
			);
			defaultConfigurationIsVisible = 0;
		};
/* End XCConfigurationList section */
	};
	rootObject = 29C21AF21B5FBD8300631B52 /* Project object */;
}
